
Microsoft Visual Studio Solution File, Format Version 12.00
# Visual Studio Version 16
VisualStudioVersion = 16.0.30523.141
MinimumVisualStudioVersion = 10.0.40219.1
Project("{FAE04EC0-301F-11D3-BF4B-00C04F79EFBC}") = "Project-Management-System-Backend", "Project-Management-System-Backend.csproj", "{DEABA7E1-00CB-49A0-9ABA-BC2F2DA2C146}"
EndProject
Global
	GlobalSection(SolutionConfigurationPlatforms) = preSolution
		Debug|Any CPU = Debug|Any CPU
		Release|Any CPU = Release|Any CPU
	EndGlobalSection
	GlobalSection(ProjectConfigurationPlatforms) = postSolution
		{DEABA7E1-00CB-49A0-9ABA-BC2F2DA2C146}.Debug|Any CPU.ActiveCfg = Debug|Any CPU
		{DEABA7E1-00CB-49A0-9ABA-BC2F2DA2C146}.Debug|Any CPU.Build.0 = Debug|Any CPU
		{DEABA7E1-00CB-49A0-9ABA-BC2F2DA2C146}.Release|Any CPU.ActiveCfg = Release|Any CPU
		{DEABA7E1-00CB-49A0-9ABA-BC2F2DA2C146}.Release|Any CPU.Build.0 = Release|Any CPU
	EndGlobalSection
	GlobalSection(SolutionProperties) = preSolution
		HideSolutionNode = FALSE
	EndGlobalSection
	GlobalSection(ExtensibilityGlobals) = postSolution
		SolutionGuid = {88F06F4E-1825-4B79-9268-88F46A5D54D8}
	EndGlobalSection
EndGlobal
